<?xml version="1.0" encoding="utf-8"?>
<Project ToolsVersion="4.0" xmlns="http://schemas.microsoft.com/developer/msbuild/2003">
  <ItemGroup>
    <Filter Include="Source Files">
      <UniqueIdentifier>{4FC737F1-C7A5-4376-A066-2A32D752A2FF}</UniqueIdentifier>
      <Extensions>cpp;c;cc;cxx;def;odl;idl;hpj;bat;asm;asmx</Extensions>
    </Filter>
    <Filter Include="Header Files">
      <UniqueIdentifier>{93995380-89BD-4b04-88EB-625FBE52EBFB}</UniqueIdentifier>
      <Extensions>h;hh;hpp;hxx;hm;inl;inc;xsd</Extensions>
    </Filter>
    <Filter Include="Resource Files">
      <UniqueIdentifier>{67DA6AB6-F800-4c08-8B7A-83BB121AAD01}</UniqueIdentifier>
      <Extensions>rc;ico;cur;bmp;dlg;rc2;rct;bin;rgs;gif;jpg;jpeg;jpe;resx;tiff;tif;png;wav;mfcribbon-ms</Extensions>
    </Filter>
    <Filter Include="Source Files\cpu">
      <UniqueIdentifier>{57bfd4e0-6b08-4e76-9e3e-186d7a19972f}</UniqueIdentifier>
    </Filter>
    <Filter Include="Source Files\Platform">
      <UniqueIdentifier>{131bbf2e-d727-43af-8c0b-07eb15c85570}</UniqueIdentifier>
    </Filter>
    <Filter Include="Source Files\Platform\Windows">
      <UniqueIdentifier>{6a2555dc-7e85-4f1b-9dae-0142cd4b3901}</UniqueIdentifier>
    </Filter>
    <Filter Include="Header Files\Platform">
      <UniqueIdentifier>{650206e3-f57f-412e-a54f-2d0e6f19c061}</UniqueIdentifier>
    </Filter>
    <Filter Include="Header Files\Platform\Windows">
      <UniqueIdentifier>{35c3e874-d001-4073-b552-518e3de5ae29}</UniqueIdentifier>
    </Filter>
    <Filter Include="Header Files\cpu">
      <UniqueIdentifier>{0b786d5c-bfd4-4011-831f-580e282d647d}</UniqueIdentifier>
    </Filter>
  </ItemGroup>
  <ItemGroup>
    <ClInclude Include="cartridge.h">
      <Filter>Header Files</Filter>
    </ClInclude>
    <ClInclude Include="typedefs.h">
      <Filter>Header Files</Filter>
    </ClInclude>
    <ClInclude Include="win_io.h">
      <Filter>Header Files\Platform\Windows</Filter>
    </ClInclude>
    <ClInclude Include="cpu.h">
      <Filter>Header Files\cpu</Filter>
    </ClInclude>
    <ClInclude Include="mmu.h">
      <Filter>Header Files\cpu</Filter>
    </ClInclude>
    <ClInclude Include="registers.h">
      <Filter>Header Files\cpu</Filter>
    </ClInclude>
    <ClInclude Include="instructions.h">
      <Filter>Header Files\cpu</Filter>
    </ClInclude>
    <ClInclude Include="operand.h">
      <Filter>Header Files\cpu</Filter>
    </ClInclude>
    <ClInclude Include="debug.h">
      <Filter>Header Files\Platform\Windows</Filter>
    </ClInclude>
  </ItemGroup>
  <ItemGroup>
    <ClCompile Include="cartridge.c">
      <Filter>Source Files</Filter>
    </ClCompile>
    <ClCompile Include="main.c">
      <Filter>Source Files</Filter>
    </ClCompile>
    <ClCompile Include="win_io.c">
      <Filter>Source Files\Platform\Windows</Filter>
    </ClCompile>
    <ClCompile Include="cpu.c">
      <Filter>Source Files\cpu</Filter>
    </ClCompile>
    <ClCompile Include="mmu.c">
      <Filter>Source Files\cpu</Filter>
    </ClCompile>
    <ClCompile Include="registers.c">
      <Filter>Source Files\cpu</Filter>
    </ClCompile>
    <ClCompile Include="instructions.c">
      <Filter>Source Files\cpu</Filter>
    </ClCompile>
    <ClCompile Include="operand.c">
      <Filter>Source Files\cpu</Filter>
    </ClCompile>
    <ClCompile Include="debug.c">
      <Filter>Source Files\Platform\Windows</Filter>
    </ClCompile>
  </ItemGroup>
</Project>